// !$*UTF8*$!
{
	archiveVersion = 1;
	classes = {
	};
	objectVersion = 46;
	objects = {

/* Begin PBXBuildFile section */
		BF6AE2261BB25621009AEBB0 /* SettingsViewController.m in Sources */ = {isa = PBXBuildFile; fileRef = BF6AE2251BB25621009AEBB0 /* SettingsViewController.m */; };
		BF979D351BAF4F3A0030F8C8 /* main.m in Sources */ = {isa = PBXBuildFile; fileRef = BF979D341BAF4F3A0030F8C8 /* main.m */; };
		BF979D381BAF4F3A0030F8C8 /* AppDelegate.m in Sources */ = {isa = PBXBuildFile; fileRef = BF979D371BAF4F3A0030F8C8 /* AppDelegate.m */; };
		BF979D3E1BAF4F3A0030F8C8 /* Main.storyboard in Resources */ = {isa = PBXBuildFile; fileRef = BF979D3C1BAF4F3A0030F8C8 /* Main.storyboard */; };
		BF979D401BAF4F3A0030F8C8 /* Images.xcassets in Resources */ = {isa = PBXBuildFile; fileRef = BF979D3F1BAF4F3A0030F8C8 /* Images.xcassets */; };
		BF979D431BAF4F3A0030F8C8 /* LaunchScreen.xib in Resources */ = {isa = PBXBuildFile; fileRef = BF979D411BAF4F3A0030F8C8 /* LaunchScreen.xib */; };
		BF979D4F1BAF4F3A0030F8C8 /* tipcalculatorTests.m in Sources */ = {isa = PBXBuildFile; fileRef = BF979D4E1BAF4F3A0030F8C8 /* tipcalculatorTests.m */; };
		BF979D5B1BAF59580030F8C8 /* TipViewController.m in Sources */ = {isa = PBXBuildFile; fileRef = BF979D591BAF59580030F8C8 /* TipViewController.m */; };
		BF979D5C1BAF59580030F8C8 /* TipViewController.xib in Resources */ = {isa = PBXBuildFile; fileRef = BF979D5A1BAF59580030F8C8 /* TipViewController.xib */; };
		BFD22C551BBBB1D6001BDEF6 /* TipSegmentedControl.m in Sources */ = {isa = PBXBuildFile; fileRef = BFD22C541BBBB1D6001BDEF6 /* TipSegmentedControl.m */; };
		BFDC55E21BB12E0B006F57B1 /* UserPreferences.m in Sources */ = {isa = PBXBuildFile; fileRef = BFDC55E11BB12E0B006F57B1 /* UserPreferences.m */; };
/* End PBXBuildFile section */

/* Begin PBXContainerItemProxy section */
		BF979D491BAF4F3A0030F8C8 /* PBXContainerItemProxy */ = {
			isa = PBXContainerItemProxy;
			containerPortal = BF979D271BAF4F3A0030F8C8 /* Project object */;
			proxyType = 1;
			remoteGlobalIDString = BF979D2E1BAF4F3A0030F8C8;
			remoteInfo = tipcalculator;
		};
/* End PBXContainerItemProxy section */

/* Begin PBXFileReference section */
		BF6AE2241BB25621009AEBB0 /* SettingsViewController.h */ = {isa = PBXFileReference; fileEncoding = 4; lastKnownFileType = sourcecode.c.h; path = SettingsViewController.h; sourceTree = "<group>"; };
		BF6AE2251BB25621009AEBB0 /* SettingsViewController.m */ = {isa = PBXFileReference; fileEncoding = 4; lastKnownFileType = sourcecode.c.objc; path = SettingsViewController.m; sourceTree = "<group>"; };
		BF979D2F1BAF4F3A0030F8C8 /* tipcalculator.app */ = {isa = PBXFileReference; explicitFileType = wrapper.application; includeInIndex = 0; path = tipcalculator.app; sourceTree = BUILT_PRODUCTS_DIR; };
		BF979D331BAF4F3A0030F8C8 /* Info.plist */ = {isa = PBXFileReference; lastKnownFileType = text.plist.xml; path = Info.plist; sourceTree = "<group>"; };
		BF979D341BAF4F3A0030F8C8 /* main.m */ = {isa = PBXFileReference; lastKnownFileType = sourcecode.c.objc; path = main.m; sourceTree = "<group>"; };
		BF979D361BAF4F3A0030F8C8 /* AppDelegate.h */ = {isa = PBXFileReference; lastKnownFileType = sourcecode.c.h; path = AppDelegate.h; sourceTree = "<group>"; };
		BF979D371BAF4F3A0030F8C8 /* AppDelegate.m */ = {isa = PBXFileReference; lastKnownFileType = sourcecode.c.objc; path = AppDelegate.m; sourceTree = "<group>"; };
		BF979D3D1BAF4F3A0030F8C8 /* Base */ = {isa = PBXFileReference; lastKnownFileType = file.storyboard; name = Base; path = Base.lproj/Main.storyboard; sourceTree = "<group>"; };
		BF979D3F1BAF4F3A0030F8C8 /* Images.xcassets */ = {isa = PBXFileReference; lastKnownFileType = folder.assetcatalog; path = Images.xcassets; sourceTree = "<group>"; };
		BF979D421BAF4F3A0030F8C8 /* Base */ = {isa = PBXFileReference; lastKnownFileType = file.xib; name = Base; path = Base.lproj/LaunchScreen.xib; sourceTree = "<group>"; };
		BF979D481BAF4F3A0030F8C8 /* tipcalculatorTests.xctest */ = {isa = PBXFileReference; explicitFileType = wrapper.cfbundle; includeInIndex = 0; path = tipcalculatorTests.xctest; sourceTree = BUILT_PRODUCTS_DIR; };
		BF979D4D1BAF4F3A0030F8C8 /* Info.plist */ = {isa = PBXFileReference; lastKnownFileType = text.plist.xml; path = Info.plist; sourceTree = "<group>"; };
		BF979D4E1BAF4F3A0030F8C8 /* tipcalculatorTests.m */ = {isa = PBXFileReference; lastKnownFileType = sourcecode.c.objc; path = tipcalculatorTests.m; sourceTree = "<group>"; };
		BF979D581BAF59580030F8C8 /* TipViewController.h */ = {isa = PBXFileReference; fileEncoding = 4; lastKnownFileType = sourcecode.c.h; path = TipViewController.h; sourceTree = "<group>"; };
		BF979D591BAF59580030F8C8 /* TipViewController.m */ = {isa = PBXFileReference; fileEncoding = 4; lastKnownFileType = sourcecode.c.objc; path = TipViewController.m; sourceTree = "<group>"; };
		BF979D5A1BAF59580030F8C8 /* TipViewController.xib */ = {isa = PBXFileReference; fileEncoding = 4; lastKnownFileType = file.xib; path = TipViewController.xib; sourceTree = "<group>"; };
		BFD22C531BBBB1D6001BDEF6 /* TipSegmentedControl.h */ = {isa = PBXFileReference; fileEncoding = 4; lastKnownFileType = sourcecode.c.h; path = TipSegmentedControl.h; sourceTree = "<group>"; };
		BFD22C541BBBB1D6001BDEF6 /* TipSegmentedControl.m */ = {isa = PBXFileReference; fileEncoding = 4; lastKnownFileType = sourcecode.c.objc; path = TipSegmentedControl.m; sourceTree = "<group>"; };
		BFDC55E01BB12E0B006F57B1 /* UserPreferences.h */ = {isa = PBXFileReference; fileEncoding = 4; lastKnownFileType = sourcecode.c.h; path = UserPreferences.h; sourceTree = "<group>"; };
		BFDC55E11BB12E0B006F57B1 /* UserPreferences.m */ = {isa = PBXFileReference; fileEncoding = 4; lastKnownFileType = sourcecode.c.objc; path = UserPreferences.m; sourceTree = "<group>"; };
/* End PBXFileReference section */

/* Begin PBXFrameworksBuildPhase section */
		BF979D2C1BAF4F3A0030F8C8 /* Frameworks */ = {
			isa = PBXFrameworksBuildPhase;
			buildActionMask = 2147483647;
			files = (
			);
			runOnlyForDeploymentPostprocessing = 0;
		};
		BF979D451BAF4F3A0030F8C8 /* Frameworks */ = {
			isa = PBXFrameworksBuildPhase;
			buildActionMask = 2147483647;
			files = (
			);
			runOnlyForDeploymentPostprocessing = 0;
		};
/* End PBXFrameworksBuildPhase section */

/* Begin PBXGroup section */
		BF979D261BAF4F3A0030F8C8 = {
			isa = PBXGroup;
			children = (
				BF979D311BAF4F3A0030F8C8 /* tipcalculator */,
				BF979D4B1BAF4F3A0030F8C8 /* tipcalculatorTests */,
				BF979D301BAF4F3A0030F8C8 /* Products */,
			);
			sourceTree = "<group>";
		};
		BF979D301BAF4F3A0030F8C8 /* Products */ = {
			isa = PBXGroup;
			children = (
				BF979D2F1BAF4F3A0030F8C8 /* tipcalculator.app */,
				BF979D481BAF4F3A0030F8C8 /* tipcalculatorTests.xctest */,
			);
			name = Products;
			sourceTree = "<group>";
		};
		BF979D311BAF4F3A0030F8C8 /* tipcalculator */ = {
			isa = PBXGroup;
			children = (
				BF979D361BAF4F3A0030F8C8 /* AppDelegate.h */,
				BF979D371BAF4F3A0030F8C8 /* AppDelegate.m */,
				BF979D3C1BAF4F3A0030F8C8 /* Main.storyboard */,
				BF979D3F1BAF4F3A0030F8C8 /* Images.xcassets */,
				BF979D411BAF4F3A0030F8C8 /* LaunchScreen.xib */,
				BF979D321BAF4F3A0030F8C8 /* Supporting Files */,
				BF979D581BAF59580030F8C8 /* TipViewController.h */,
				BF979D591BAF59580030F8C8 /* TipViewController.m */,
				BF979D5A1BAF59580030F8C8 /* TipViewController.xib */,
				BFDC55E01BB12E0B006F57B1 /* UserPreferences.h */,
				BFDC55E11BB12E0B006F57B1 /* UserPreferences.m */,
				BF6AE2241BB25621009AEBB0 /* SettingsViewController.h */,
				BF6AE2251BB25621009AEBB0 /* SettingsViewController.m */,
				BFD22C531BBBB1D6001BDEF6 /* TipSegmentedControl.h */,
				BFD22C541BBBB1D6001BDEF6 /* TipSegmentedControl.m */,
			);
			path = tipcalculator;
			sourceTree = "<group>";
		};
		BF979D321BAF4F3A0030F8C8 /* Supporting Files */ = {
			isa = PBXGroup;
			children = (
				BF979D331BAF4F3A0030F8C8 /* Info.plist */,
				BF979D341BAF4F3A0030F8C8 /* main.m */,
			);
			name = "Supporting Files";
			sourceTree = "<group>";
		};
		BF979D4B1BAF4F3A0030F8C8 /* tipcalculatorTests */ = {
			isa = PBXGroup;
			children = (
				BF979D4E1BAF4F3A0030F8C8 /* tipcalculatorTests.m */,
				BF979D4C1BAF4F3A0030F8C8 /* Supporting Files */,
			);
			path = tipcalculatorTests;
			sourceTree = "<group>";
		};
		BF979D4C1BAF4F3A0030F8C8 /* Supporting Files */ = {
			isa = PBXGroup;
			children = (
				BF979D4D1BAF4F3A0030F8C8 /* Info.plist */,
			);
			name = "Supporting Files";
			sourceTree = "<group>";
		};
/* End PBXGroup section */

/* Begin PBXNativeTarget section */
		BF979D2E1BAF4F3A0030F8C8 /* tipcalculator */ = {
			isa = PBXNativeTarget;
			buildConfigurationList = BF979D521BAF4F3A0030F8C8 /* Build configuration list for PBXNativeTarget "tipcalculator" */;
			buildPhases = (
				BF979D2B1BAF4F3A0030F8C8 /* Sources */,
				BF979D2C1BAF4F3A0030F8C8 /* Frameworks */,
				BF979D2D1BAF4F3A0030F8C8 /* Resources */,
			);
			buildRules = (
			);
			dependencies = (
			);
			name = tipcalculator;
			productName = tipcalculator;
			productReference = BF979D2F1BAF4F3A0030F8C8 /* tipcalculator.app */;
			productType = "com.apple.product-type.application";
		};
		BF979D471BAF4F3A0030F8C8 /* tipcalculatorTests */ = {
			isa = PBXNativeTarget;
			buildConfigurationList = BF979D551BAF4F3A0030F8C8 /* Build configuration list for PBXNativeTarget "tipcalculatorTests" */;
			buildPhases = (
				BF979D441BAF4F3A0030F8C8 /* Sources */,
				BF979D451BAF4F3A0030F8C8 /* Frameworks */,
				BF979D461BAF4F3A0030F8C8 /* Resources */,
			);
			buildRules = (
			);
			dependencies = (
				BF979D4A1BAF4F3A0030F8C8 /* PBXTargetDependency */,
			);
			name = tipcalculatorTests;
			productName = tipcalculatorTests;
			productReference = BF979D481BAF4F3A0030F8C8 /* tipcalculatorTests.xctest */;
			productType = "com.apple.product-type.bundle.unit-test";
		};
/* End PBXNativeTarget section */

/* Begin PBXProject section */
		BF979D271BAF4F3A0030F8C8 /* Project object */ = {
			isa = PBXProject;
			attributes = {
				LastUpgradeCheck = 0640;
				ORGANIZATIONNAME = "Rita Miller desgins";
				TargetAttributes = {
					BF979D2E1BAF4F3A0030F8C8 = {
						CreatedOnToolsVersion = 6.4;
					};
					BF979D471BAF4F3A0030F8C8 = {
						CreatedOnToolsVersion = 6.4;
						TestTargetID = BF979D2E1BAF4F3A0030F8C8;
					};
				};
			};
			buildConfigurationList = BF979D2A1BAF4F3A0030F8C8 /* Build configuration list for PBXProject "tipcalculator" */;
			compatibilityVersion = "Xcode 3.2";
			developmentRegion = English;
			hasScannedForEncodings = 0;
			knownRegions = (
				en,
				Base,
			);
			mainGroup = BF979D261BAF4F3A0030F8C8;
			productRefGroup = BF979D301BAF4F3A0030F8C8 /* Products */;
			projectDirPath = "";
			projectRoot = "";
			targets = (
				BF979D2E1BAF4F3A0030F8C8 /* tipcalculator */,
				BF979D471BAF4F3A0030F8C8 /* tipcalculatorTests */,
			);
		};
/* End PBXProject section */

/* Begin PBXResourcesBuildPhase section */
		BF979D2D1BAF4F3A0030F8C8 /* Resources */ = {
			isa = PBXResourcesBuildPhase;
			buildActionMask = 2147483647;
			files = (
				BF979D3E1BAF4F3A0030F8C8 /* Main.storyboard in Resources */,
				BF979D431BAF4F3A0030F8C8 /* LaunchScreen.xib in Resources */,
				BF979D5C1BAF59580030F8C8 /* TipViewController.xib in Resources */,
				BF979D401BAF4F3A0030F8C8 /* Images.xcassets in Resources */,
			);
			runOnlyForDeploymentPostprocessing = 0;
		};
		BF979D461BAF4F3A0030F8C8 /* Resources */ = {
			isa = PBXResourcesBuildPhase;
			buildActionMask = 2147483647;
			files = (
			);
			runOnlyForDeploymentPostprocessing = 0;
		};
/* End PBXResourcesBuildPhase section */

/* Begin PBXSourcesBuildPhase section */
		BF979D2B1BAF4F3A0030F8C8 /* Sources */ = {
			isa = PBXSourcesBuildPhase;
			buildActionMask = 2147483647;
			files = (
				BF979D381BAF4F3A0030F8C8 /* AppDelegate.m in Sources */,
				BFDC55E21BB12E0B006F57B1 /* UserPreferences.m in Sources */,
				BF6AE2261BB25621009AEBB0 /* SettingsViewController.m in Sources */,
				BF979D5B1BAF59580030F8C8 /* TipViewController.m in Sources */,
				BFD22C551BBBB1D6001BDEF6 /* TipSegmentedControl.m in Sources */,
				BF979D351BAF4F3A0030F8C8 /* main.m in Sources */,
			);
			runOnlyForDeploymentPostprocessing = 0;
		};
		BF979D441BAF4F3A0030F8C8 /* Sources */ = {
			isa = PBXSourcesBuildPhase;
			buildActionMask = 2147483647;
			files = (
				BF979D4F1BAF4F3A0030F8C8 /* tipcalculatorTests.m in Sources */,
			);
			runOnlyForDeploymentPostprocessing = 0;
		};
/* End PBXSourcesBuildPhase section */

/* Begin PBXTargetDependency section */
		BF979D4A1BAF4F3A0030F8C8 /* PBXTargetDependency */ = {
			isa = PBXTargetDependency;
			target = BF979D2E1BAF4F3A0030F8C8 /* tipcalculator */;
			targetProxy = BF979D491BAF4F3A0030F8C8 /* PBXContainerItemProxy */;
		};
/* End PBXTargetDependency section */

/* Begin PBXVariantGroup section */
		BF979D3C1BAF4F3A0030F8C8 /* Main.storyboard */ = {
			isa = PBXVariantGroup;
			children = (
				BF979D3D1BAF4F3A0030F8C8 /* Base */,
			);
			name = Main.storyboard;
			sourceTree = "<group>";
		};
		BF979D411BAF4F3A0030F8C8 /* LaunchScreen.xib */ = {
			isa = PBXVariantGroup;
			children = (
				BF979D421BAF4F3A0030F8C8 /* Base */,
			);
			name = LaunchScreen.xib;
			sourceTree = "<group>";
		};
/* End PBXVariantGroup section */

/* Begin XCBuildConfiguration section */
		BF979D501BAF4F3A0030F8C8 /* Debug */ = {
			isa = XCBuildConfiguration;
			buildSettings = {
				ALWAYS_SEARCH_USER_PATHS = NO;
				CLANG_CXX_LANGUAGE_STANDARD = "gnu++0x";
				CLANG_CXX_LIBRARY = "libc++";
				CLANG_ENABLE_MODULES = YES;
				CLANG_ENABLE_OBJC_ARC = YES;
				CLANG_WARN_BOOL_CONVERSION = YES;
				CLANG_WARN_CONSTANT_CONVERSION = YES;
				CLANG_WARN_DIRECT_OBJC_ISA_USAGE = YES_ERROR;
				CLANG_WARN_EMPTY_BODY = YES;
				CLANG_WARN_ENUM_CONVERSION = YES;
				CLANG_WARN_INT_CONVERSION = YES;
				CLANG_WARN_OBJC_ROOT_CLASS = YES_ERROR;
				CLANG_WARN_UNREACHABLE_CODE = YES;
				CLANG_WARN__DUPLICATE_METHOD_MATCH = YES;
				"CODE_SIGN_IDENTITY[sdk=iphoneos*]" = "iPhone Developer";
				COPY_PHASE_STRIP = NO;
				DEBUG_INFORMATION_FORMAT = "dwarf-with-dsym";
				ENABLE_STRICT_OBJC_MSGSEND = YES;
				GCC_C_LANGUAGE_STANDARD = gnu99;
				GCC_DYNAMIC_NO_PIC = NO;
				GCC_NO_COMMON_BLOCKS = YES;
				GCC_OPTIMIZATION_LEVEL = 0;
				GCC_PREPROCESSOR_DEFINITIONS = (
					"DEBUG=1",
					"$(inherited)",
				);
				GCC_SYMBOLS_PRIVATE_EXTERN = NO;
				GCC_WARN_64_TO_32_BIT_CONVERSION = YES;
				GCC_WARN_ABOUT_RETURN_TYPE = YES_ERROR;
				GCC_WARN_UNDECLARED_SELECTOR = YES;
				GCC_WARN_UNINITIALIZED_AUTOS = YES_AGGRESSIVE;
				GCC_WARN_UNUSED_FUNCTION = YES;
				GCC_WARN_UNUSED_VARIABLE = YES;
				IPHONEOS_DEPLOYMENT_TARGET = 8.4;
				MTL_ENABLE_DEBUG_INFO = YES;
				ONLY_ACTIVE_ARCH = YES;
				SDKROOT = iphoneos;
			};
			name = Debug;
		};
		BF979D511BAF4F3A0030F8C8 /* Release */ = {
			isa = XCBuildConfiguration;
			buildSettings = {
				ALWAYS_SEARCH_USER_PATHS = NO;
				CLANG_CXX_LANGUAGE_STANDARD = "gnu++0x";
				CLANG_CXX_LIBRARY = "libc++";
				CLANG_ENABLE_MODULES = YES;
				CLANG_ENABLE_OBJC_ARC = YES;
				CLANG_WARN_BOOL_CONVERSION = YES;
				CLANG_WARN_CONSTANT_CONVERSION = YES;
				CLANG_WARN_DIRECT_OBJC_ISA_USAGE = YES_ERROR;
				CLANG_WARN_EMPTY_BODY = YES;
				CLANG_WARN_ENUM_CONVERSION = YES;
				CLANG_WARN_INT_CONVERSION = YES;
				CLANG_WARN_OBJC_ROOT_CLASS = YES_ERROR;
				CLANG_WARN_UNREACHABLE_CODE = YES;
				CLANG_WARN__DUPLICATE_METHOD_MATCH = YES;
				"CODE_SIGN_IDENTITY[sdk=iphoneos*]" = "iPhone Developer";
				COPY_PHASE_STRIP = NO;
				DEBUG_INFORMATION_FORMAT = "dwarf-with-dsym";
				ENABLE_NS_ASSERTIONS = NO;
				ENABLE_STRICT_OBJC_MSGSEND = YES;
				GCC_C_LANGUAGE_STANDARD = gnu99;
				GCC_NO_COMMON_BLOCKS = YES;
				GCC_WARN_64_TO_32_BIT_CONVERSION = YES;
				GCC_WARN_ABOUT_RETURN_TYPE = YES_ERROR;
				GCC_WARN_UNDECLARED_SELECTOR = YES;
				GCC_WARN_UNINITIALIZED_AUTOS = YES_AGGRESSIVE;
				GCC_WARN_UNUSED_FUNCTION = YES;
				GCC_WARN_UNUSED_VARIABLE = YES;
				IPHONEOS_DEPLOYMENT_TARGET = 8.4;
				MTL_ENABLE_DEBUG_INFO = NO;
				SDKROOT = iphoneos;
				VALIDATE_PRODUCT = YES;
			};
			name = Release;
		};
		BF979D531BAF4F3A0030F8C8 /* Debug */ = {
			isa = XCBuildConfiguration;
			buildSettings = {
				ASSETCATALOG_COMPILER_APPICON_NAME = AppIcon;
				INFOPLIST_FILE = tipcalculator/Info.plist;
				LD_RUNPATH_SEARCH_PATHS = "$(inherited) @executable_path/Frameworks";
				PRODUCT_NAME = "$(TARGET_NAME)";
				TARGETED_DEVICE_FAMILY = 1;
			};
			name = Debug;
		};
		BF979D541BAF4F3A0030F8C8 /* Release */ = {
			isa = XCBuildConfiguration;
			buildSettings = {
				ASSETCATALOG_COMPILER_APPICON_NAME = AppIcon;
				INFOPLIST_FILE = tipcalculator/Info.plist;
				LD_RUNPATH_SEARCH_PATHS = "$(inherited) @executable_path/Frameworks";
				PRODUCT_NAME = "$(TARGET_NAME)";
				TARGETED_DEVICE_FAMILY = 1;
			};
			name = Release;
		};
		BF979D561BAF4F3A0030F8C8 /* Debug */ = {
			isa = XCBuildConfiguration;
			buildSettings = {
				BUNDLE_LOADER = "$(TEST_HOST)";
				FRAMEWORK_SEARCH_PATHS = (
					"$(SDKROOT)/Developer/Library/Frameworks",
					"$(inherited)",
				);
				GCC_PREPROCESSOR_DEFINITIONS = (
					"DEBUG=1",
					"$(inherited)",
				);
				INFOPLIST_FILE = tipcalculatorTests/Info.plist;
				LD_RUNPATH_SEARCH_PATHS = "$(inherited) @executable_path/Frameworks @loader_path/Frameworks";
				PRODUCT_NAME = "$(TARGET_NAME)";
				TEST_HOST = "$(BUILT_PRODUCTS_DIR)/tipcalculator.app/tipcalculator";
			};
			name = Debug;
		};
		BF979D571BAF4F3A0030F8C8 /* Release */ = {
			isa = XCBuildConfiguration;
			buildSettings = {
				BUNDLE_LOADER = "$(TEST_HOST)";
				FRAMEWORK_SEARCH_PATHS = (
					"$(SDKROOT)/Developer/Library/Frameworks",
					"$(inherited)",
				);
				INFOPLIST_FILE = tipcalculatorTests/Info.plist;
				LD_RUNPATH_SEARCH_PATHS = "$(inherited) @executable_path/Frameworks @loader_path/Frameworks";
				PRODUCT_NAME = "$(TARGET_NAME)";
				TEST_HOST = "$(BUILT_PRODUCTS_DIR)/tipcalculator.app/tipcalculator";
			};
			name = Release;
		};
/* End XCBuildConfiguration section */

/* Begin XCConfigurationList section */
		BF979D2A1BAF4F3A0030F8C8 /* Build configuration list for PBXProject "tipcalculator" */ = {
			isa = XCConfigurationList;
			buildConfigurations = (
				BF979D501BAF4F3A0030F8C8 /* Debug */,
				BF979D511BAF4F3A0030F8C8 /* Release */,
			);
			defaultConfigurationIsVisible = 0;
			defaultConfigurationName = Release;
		};
		BF979D521BAF4F3A0030F8C8 /* Build configuration list for PBXNativeTarget "tipcalculator" */ = {
			isa = XCConfigurationList;
			buildConfigurations = (
				BF979D531BAF4F3A0030F8C8 /* Debug */,
				BF979D541BAF4F3A0030F8C8 /* Release */,
			);
			defaultConfigurationIsVisible = 0;
			defaultConfigurationName = Release;
		};
		BF979D551BAF4F3A0030F8C8 /* Build configuration list for PBXNativeTarget "tipcalculatorTests" */ = {
			isa = XCConfigurationList;
			buildConfigurations = (
				BF979D561BAF4F3A0030F8C8 /* Debug */,
				BF979D571BAF4F3A0030F8C8 /* Release */,
			);
			defaultConfigurationIsVisible = 0;
			defaultConfigurationName = Release;
		};
/* End XCConfigurationList section */
	};
	rootObject = BF979D271BAF4F3A0030F8C8 /* Project object */;
}
